
Microsoft Visual Studio Solution File, Format Version 12.00
# Visual Studio 15
VisualStudioVersion = 15.0.28307.572
MinimumVisualStudioVersion = 10.0.40219.1
Project("{FAE04EC0-301F-11D3-BF4B-00C04F79EFBC}") = "Calisthenix_Crew", "Calisthenix_Crew\Calisthenix_Crew.csproj", "{F8450D8A-B647-4439-AD9E-247CC9D40DFB}"
EndProject
Global
	GlobalSection(SolutionConfigurationPlatforms) = preSolution
		Debug|Any CPU = Debug|Any CPU
		Release|Any CPU = Release|Any CPU
	EndGlobalSection
	GlobalSection(ProjectConfigurationPlatforms) = postSolution
		{F8450D8A-B647-4439-AD9E-247CC9D40DFB}.Debug|Any CPU.ActiveCfg = Debug|Any CPU
		{F8450D8A-B647-4439-AD9E-247CC9D40DFB}.Debug|Any CPU.Build.0 = Debug|Any CPU
		{F8450D8A-B647-4439-AD9E-247CC9D40DFB}.Release|Any CPU.ActiveCfg = Release|Any CPU
		{F8450D8A-B647-4439-AD9E-247CC9D40DFB}.Release|Any CPU.Build.0 = Release|Any CPU
	EndGlobalSection
	GlobalSection(SolutionProperties) = preSolution
		HideSolutionNode = FALSE
	EndGlobalSection
	GlobalSection(ExtensibilityGlobals) = postSolution
		SolutionGuid = {BB5F8B11-EAA4-4C17-A71C-40DC73158A7A}
	EndGlobalSection
EndGlobal
